
Microsoft Visual Studio Solution File, Format Version 12.00
# Visual Studio 15
VisualStudioVersion = 15.0.26228.4
MinimumVisualStudioVersion = 10.0.40219.1
Project("{FAE04EC0-301F-11D3-BF4B-00C04F79EFBC}") = "MvcTest", "MvcTest\MvcTest.csproj", "{EE52E54E-E4E5-4623-89E7-B160E9488C98}"
EndProject
Project("{FAE04EC0-301F-11D3-BF4B-00C04F79EFBC}") = "MvcTest.Test", "MvcTest.Test\MvcTest.Test.csproj", "{20D7EB2C-BCF1-49D2-8BE6-37D881E58268}"
EndProject
Global
	GlobalSection(SolutionConfigurationPlatforms) = preSolution
		Debug|Any CPU = Debug|Any CPU
		Release|Any CPU = Release|Any CPU
	EndGlobalSection
	GlobalSection(ProjectConfigurationPlatforms) = postSolution
		{EE52E54E-E4E5-4623-89E7-B160E9488C98}.Debug|Any CPU.ActiveCfg = Debug|Any CPU
		{EE52E54E-E4E5-4623-89E7-B160E9488C98}.Debug|Any CPU.Build.0 = Debug|Any CPU
		{EE52E54E-E4E5-4623-89E7-B160E9488C98}.Release|Any CPU.ActiveCfg = Release|Any CPU
		{EE52E54E-E4E5-4623-89E7-B160E9488C98}.Release|Any CPU.Build.0 = Release|Any CPU
		{20D7EB2C-BCF1-49D2-8BE6-37D881E58268}.Debug|Any CPU.ActiveCfg = Debug|Any CPU
		{20D7EB2C-BCF1-49D2-8BE6-37D881E58268}.Debug|Any CPU.Build.0 = Debug|Any CPU
		{20D7EB2C-BCF1-49D2-8BE6-37D881E58268}.Release|Any CPU.ActiveCfg = Release|Any CPU
		{20D7EB2C-BCF1-49D2-8BE6-37D881E58268}.Release|Any CPU.Build.0 = Release|Any CPU
	EndGlobalSection
	GlobalSection(SolutionProperties) = preSolution
		HideSolutionNode = FALSE
	EndGlobalSection
EndGlobal
